// !$*UTF8*$!
{
	archiveVersion = 1;
	classes = {
	};
	objectVersion = 50;
	objects = {

/* Begin PBXBuildFile section */
		EC4EDE242440C6B400BCF29F /* Networking.framework in Frameworks */ = {isa = PBXBuildFile; fileRef = EC4EDE222440C52900BCF29F /* Networking.framework */; };
		EC4EDE252440C6B400BCF29F /* Networking.framework in Embed Frameworks */ = {isa = PBXBuildFile; fileRef = EC4EDE222440C52900BCF29F /* Networking.framework */; settings = {ATTRIBUTES = (CodeSignOnCopy, RemoveHeadersOnCopy, ); }; };
		EC4EDE2C2440D2A400BCF29F /* Thumbnail.swift in Sources */ = {isa = PBXBuildFile; fileRef = EC4EDE2B2440D2A400BCF29F /* Thumbnail.swift */; };
		EC4EDE2E2440E76C00BCF29F /* ActivityIndicator.swift in Sources */ = {isa = PBXBuildFile; fileRef = EC4EDE2D2440E76C00BCF29F /* ActivityIndicator.swift */; };
		EC4EDE302440E90F00BCF29F /* CharactersViewModel.swift in Sources */ = {isa = PBXBuildFile; fileRef = EC4EDE2F2440E90F00BCF29F /* CharactersViewModel.swift */; };
		EC4EDE332440E9A200BCF29F /* AsyncResult.swift in Sources */ = {isa = PBXBuildFile; fileRef = EC4EDE322440E9A200BCF29F /* AsyncResult.swift */; };
		EC4EDE352440E9E200BCF29F /* AsyncOperation.swift in Sources */ = {isa = PBXBuildFile; fileRef = EC4EDE342440E9E200BCF29F /* AsyncOperation.swift */; };
		EC4EDE382440FA4700BCF29F /* CharacterRow.swift in Sources */ = {isa = PBXBuildFile; fileRef = EC4EDE372440FA4700BCF29F /* CharacterRow.swift */; };
		EC4EDE3A2440FA9A00BCF29F /* RetryMessage.swift in Sources */ = {isa = PBXBuildFile; fileRef = EC4EDE392440FA9A00BCF29F /* RetryMessage.swift */; };
		EC68A41B2440959E008663EC /* URLImage.swift in Sources */ = {isa = PBXBuildFile; fileRef = EC68A41A2440959E008663EC /* URLImage.swift */; };
		EC89D1BA2440897B004B3FA2 /* AppDelegate.swift in Sources */ = {isa = PBXBuildFile; fileRef = EC89D1B92440897B004B3FA2 /* AppDelegate.swift */; };
		EC89D1BC2440897B004B3FA2 /* SceneDelegate.swift in Sources */ = {isa = PBXBuildFile; fileRef = EC89D1BB2440897B004B3FA2 /* SceneDelegate.swift */; };
		EC89D1BE2440897B004B3FA2 /* CharactersView.swift in Sources */ = {isa = PBXBuildFile; fileRef = EC89D1BD2440897B004B3FA2 /* CharactersView.swift */; };
		EC89D1C02440897E004B3FA2 /* Assets.xcassets in Resources */ = {isa = PBXBuildFile; fileRef = EC89D1BF2440897E004B3FA2 /* Assets.xcassets */; };
		EC89D1C32440897E004B3FA2 /* Preview Assets.xcassets in Resources */ = {isa = PBXBuildFile; fileRef = EC89D1C22440897E004B3FA2 /* Preview Assets.xcassets */; };
		EC89D1C62440897E004B3FA2 /* LaunchScreen.storyboard in Resources */ = {isa = PBXBuildFile; fileRef = EC89D1C42440897E004B3FA2 /* LaunchScreen.storyboard */; };
		EC89D1D324408AAF004B3FA2 /* Character.swift in Sources */ = {isa = PBXBuildFile; fileRef = EC89D1D124408AAF004B3FA2 /* Character.swift */; };
		EC89D1D424408AAF004B3FA2 /* Comic.swift in Sources */ = {isa = PBXBuildFile; fileRef = EC89D1D224408AAF004B3FA2 /* Comic.swift */; };
		ECB0461624410C3F0088F96B /* DetailedCharacterView.swift in Sources */ = {isa = PBXBuildFile; fileRef = ECB0461524410C3F0088F96B /* DetailedCharacterView.swift */; };
		ECB0461824410E570088F96B /* ContainerOrientation.swift in Sources */ = {isa = PBXBuildFile; fileRef = ECB0461724410E570088F96B /* ContainerOrientation.swift */; };
		ECB0461A244118500088F96B /* MostExpensiveHQButton.swift in Sources */ = {isa = PBXBuildFile; fileRef = ECB04619244118500088F96B /* MostExpensiveHQButton.swift */; };
		ECB0461D24411C4B0088F96B /* MostExpensiveHQView.swift in Sources */ = {isa = PBXBuildFile; fileRef = ECB0461C24411C4A0088F96B /* MostExpensiveHQView.swift */; };
		ECB0461F24411C8E0088F96B /* MostExpensiveHQViewModel.swift in Sources */ = {isa = PBXBuildFile; fileRef = ECB0461E24411C8E0088F96B /* MostExpensiveHQViewModel.swift */; };
		ECB04621244130FF0088F96B /* Optional+Declarative.swift in Sources */ = {isa = PBXBuildFile; fileRef = ECB04620244130FF0088F96B /* Optional+Declarative.swift */; };
/* End PBXBuildFile section */

/* Begin PBXCopyFilesBuildPhase section */
		EC4EDE262440C6B400BCF29F /* Embed Frameworks */ = {
			isa = PBXCopyFilesBuildPhase;
			buildActionMask = 2147483647;
			dstPath = "";
			dstSubfolderSpec = 10;
			files = (
				EC4EDE252440C6B400BCF29F /* Networking.framework in Embed Frameworks */,
			);
			name = "Embed Frameworks";
			runOnlyForDeploymentPostprocessing = 0;
		};
/* End PBXCopyFilesBuildPhase section */

/* Begin PBXFileReference section */
		EC4EDE222440C52900BCF29F /* Networking.framework */ = {isa = PBXFileReference; explicitFileType = wrapper.framework; path = Networking.framework; sourceTree = BUILT_PRODUCTS_DIR; };
		EC4EDE2B2440D2A400BCF29F /* Thumbnail.swift */ = {isa = PBXFileReference; lastKnownFileType = sourcecode.swift; path = Thumbnail.swift; sourceTree = "<group>"; };
		EC4EDE2D2440E76C00BCF29F /* ActivityIndicator.swift */ = {isa = PBXFileReference; lastKnownFileType = sourcecode.swift; path = ActivityIndicator.swift; sourceTree = "<group>"; };
		EC4EDE2F2440E90F00BCF29F /* CharactersViewModel.swift */ = {isa = PBXFileReference; lastKnownFileType = sourcecode.swift; path = CharactersViewModel.swift; sourceTree = "<group>"; };
		EC4EDE322440E9A200BCF29F /* AsyncResult.swift */ = {isa = PBXFileReference; lastKnownFileType = sourcecode.swift; path = AsyncResult.swift; sourceTree = "<group>"; };
		EC4EDE342440E9E200BCF29F /* AsyncOperation.swift */ = {isa = PBXFileReference; lastKnownFileType = sourcecode.swift; path = AsyncOperation.swift; sourceTree = "<group>"; };
		EC4EDE372440FA4700BCF29F /* CharacterRow.swift */ = {isa = PBXFileReference; lastKnownFileType = sourcecode.swift; path = CharacterRow.swift; sourceTree = "<group>"; };
		EC4EDE392440FA9A00BCF29F /* RetryMessage.swift */ = {isa = PBXFileReference; lastKnownFileType = sourcecode.swift; path = RetryMessage.swift; sourceTree = "<group>"; };
		EC68A41A2440959E008663EC /* URLImage.swift */ = {isa = PBXFileReference; lastKnownFileType = sourcecode.swift; path = URLImage.swift; sourceTree = "<group>"; };
		EC89D1B62440897B004B3FA2 /* MarvelHeroes.app */ = {isa = PBXFileReference; explicitFileType = wrapper.application; includeInIndex = 0; path = MarvelHeroes.app; sourceTree = BUILT_PRODUCTS_DIR; };
		EC89D1B92440897B004B3FA2 /* AppDelegate.swift */ = {isa = PBXFileReference; lastKnownFileType = sourcecode.swift; path = AppDelegate.swift; sourceTree = "<group>"; };
		EC89D1BB2440897B004B3FA2 /* SceneDelegate.swift */ = {isa = PBXFileReference; lastKnownFileType = sourcecode.swift; path = SceneDelegate.swift; sourceTree = "<group>"; };
		EC89D1BD2440897B004B3FA2 /* CharactersView.swift */ = {isa = PBXFileReference; lastKnownFileType = sourcecode.swift; path = CharactersView.swift; sourceTree = "<group>"; };
		EC89D1BF2440897E004B3FA2 /* Assets.xcassets */ = {isa = PBXFileReference; lastKnownFileType = folder.assetcatalog; path = Assets.xcassets; sourceTree = "<group>"; };
		EC89D1C22440897E004B3FA2 /* Preview Assets.xcassets */ = {isa = PBXFileReference; lastKnownFileType = folder.assetcatalog; path = "Preview Assets.xcassets"; sourceTree = "<group>"; };
		EC89D1C52440897E004B3FA2 /* Base */ = {isa = PBXFileReference; lastKnownFileType = file.storyboard; name = Base; path = Base.lproj/LaunchScreen.storyboard; sourceTree = "<group>"; };
		EC89D1C72440897E004B3FA2 /* Info.plist */ = {isa = PBXFileReference; lastKnownFileType = text.plist.xml; path = Info.plist; sourceTree = "<group>"; };
		EC89D1D124408AAF004B3FA2 /* Character.swift */ = {isa = PBXFileReference; fileEncoding = 4; lastKnownFileType = sourcecode.swift; path = Character.swift; sourceTree = "<group>"; };
		EC89D1D224408AAF004B3FA2 /* Comic.swift */ = {isa = PBXFileReference; fileEncoding = 4; lastKnownFileType = sourcecode.swift; path = Comic.swift; sourceTree = "<group>"; };
		ECB0461524410C3F0088F96B /* DetailedCharacterView.swift */ = {isa = PBXFileReference; lastKnownFileType = sourcecode.swift; path = DetailedCharacterView.swift; sourceTree = "<group>"; };
		ECB0461724410E570088F96B /* ContainerOrientation.swift */ = {isa = PBXFileReference; lastKnownFileType = sourcecode.swift; path = ContainerOrientation.swift; sourceTree = "<group>"; };
		ECB04619244118500088F96B /* MostExpensiveHQButton.swift */ = {isa = PBXFileReference; lastKnownFileType = sourcecode.swift; path = MostExpensiveHQButton.swift; sourceTree = "<group>"; };
		ECB0461C24411C4A0088F96B /* MostExpensiveHQView.swift */ = {isa = PBXFileReference; lastKnownFileType = sourcecode.swift; path = MostExpensiveHQView.swift; sourceTree = "<group>"; };
		ECB0461E24411C8E0088F96B /* MostExpensiveHQViewModel.swift */ = {isa = PBXFileReference; lastKnownFileType = sourcecode.swift; path = MostExpensiveHQViewModel.swift; sourceTree = "<group>"; };
		ECB04620244130FF0088F96B /* Optional+Declarative.swift */ = {isa = PBXFileReference; lastKnownFileType = sourcecode.swift; path = "Optional+Declarative.swift"; sourceTree = "<group>"; };
		ECB04623244219EA0088F96B /* MarvelHeroes.entitlements */ = {isa = PBXFileReference; lastKnownFileType = text.plist.entitlements; path = MarvelHeroes.entitlements; sourceTree = "<group>"; };
/* End PBXFileReference section */

/* Begin PBXFrameworksBuildPhase section */
		EC89D1B32440897B004B3FA2 /* Frameworks */ = {
			isa = PBXFrameworksBuildPhase;
			buildActionMask = 2147483647;
			files = (
				EC4EDE242440C6B400BCF29F /* Networking.framework in Frameworks */,
			);
			runOnlyForDeploymentPostprocessing = 0;
		};
/* End PBXFrameworksBuildPhase section */

/* Begin PBXGroup section */
		EC4EDE212440C52900BCF29F /* Frameworks */ = {
			isa = PBXGroup;
			children = (
				EC4EDE222440C52900BCF29F /* Networking.framework */,
			);
			name = Frameworks;
			sourceTree = "<group>";
		};
		EC4EDE362440E9EC00BCF29F /* Async */ = {
			isa = PBXGroup;
			children = (
				EC4EDE322440E9A200BCF29F /* AsyncResult.swift */,
				EC4EDE342440E9E200BCF29F /* AsyncOperation.swift */,
			);
			name = Async;
			sourceTree = "<group>";
		};
		EC68A418244092B0008663EC /* CharactersView */ = {
			isa = PBXGroup;
			children = (
				EC89D1BD2440897B004B3FA2 /* CharactersView.swift */,
				EC4EDE2F2440E90F00BCF29F /* CharactersViewModel.swift */,
				EC4EDE372440FA4700BCF29F /* CharacterRow.swift */,
			);
			name = CharactersView;
			sourceTree = "<group>";
		};
		EC68A4192440958C008663EC /* Supporting */ = {
			isa = PBXGroup;
			children = (
				ECB04622244131060088F96B /* Extensions */,
				EC4EDE362440E9EC00BCF29F /* Async */,
				EC68A41A2440959E008663EC /* URLImage.swift */,
				EC4EDE2D2440E76C00BCF29F /* ActivityIndicator.swift */,
				EC4EDE392440FA9A00BCF29F /* RetryMessage.swift */,
				ECB0461724410E570088F96B /* ContainerOrientation.swift */,
			);
			name = Supporting;
			sourceTree = "<group>";
		};
		EC68A42724409BAC008663EC /* Views */ = {
			isa = PBXGroup;
			children = (
				EC68A42824409E71008663EC /* Screens */,
				EC68A4192440958C008663EC /* Supporting */,
			);
			name = Views;
			sourceTree = "<group>";
		};
		EC68A42824409E71008663EC /* Screens */ = {
			isa = PBXGroup;
			children = (
				ECB0461B24411C340088F96B /* MostExpensiveHQView */,
				ECB0461424410C170088F96B /* DetailedCharacterView */,
				EC68A418244092B0008663EC /* CharactersView */,
			);
			name = Screens;
			sourceTree = "<group>";
		};
		EC89D1AD2440897B004B3FA2 = {
			isa = PBXGroup;
			children = (
				EC89D1B82440897B004B3FA2 /* MarvelHeroes */,
				EC89D1B72440897B004B3FA2 /* Products */,
				EC4EDE212440C52900BCF29F /* Frameworks */,
			);
			sourceTree = "<group>";
		};
		EC89D1B72440897B004B3FA2 /* Products */ = {
			isa = PBXGroup;
			children = (
				EC89D1B62440897B004B3FA2 /* MarvelHeroes.app */,
			);
			name = Products;
			sourceTree = "<group>";
		};
		EC89D1B82440897B004B3FA2 /* MarvelHeroes */ = {
			isa = PBXGroup;
			children = (
				ECB04623244219EA0088F96B /* MarvelHeroes.entitlements */,
				EC68A42724409BAC008663EC /* Views */,
				EC89D1D024408A7C004B3FA2 /* Models */,
				EC89D1CD24408989004B3FA2 /* Misc */,
				EC89D1C12440897E004B3FA2 /* Preview Content */,
			);
			path = MarvelHeroes;
			sourceTree = "<group>";
		};
		EC89D1C12440897E004B3FA2 /* Preview Content */ = {
			isa = PBXGroup;
			children = (
				EC89D1C22440897E004B3FA2 /* Preview Assets.xcassets */,
			);
			path = "Preview Content";
			sourceTree = "<group>";
		};
		EC89D1CD24408989004B3FA2 /* Misc */ = {
			isa = PBXGroup;
			children = (
				EC89D1B92440897B004B3FA2 /* AppDelegate.swift */,
				EC89D1BB2440897B004B3FA2 /* SceneDelegate.swift */,
				EC89D1BF2440897E004B3FA2 /* Assets.xcassets */,
				EC89D1C42440897E004B3FA2 /* LaunchScreen.storyboard */,
				EC89D1C72440897E004B3FA2 /* Info.plist */,
			);
			name = Misc;
			sourceTree = "<group>";
		};
		EC89D1D024408A7C004B3FA2 /* Models */ = {
			isa = PBXGroup;
			children = (
				EC89D1D124408AAF004B3FA2 /* Character.swift */,
				EC89D1D224408AAF004B3FA2 /* Comic.swift */,
				EC4EDE2B2440D2A400BCF29F /* Thumbnail.swift */,
			);
			name = Models;
			sourceTree = "<group>";
		};
		ECB0461424410C170088F96B /* DetailedCharacterView */ = {
			isa = PBXGroup;
			children = (
				ECB0461524410C3F0088F96B /* DetailedCharacterView.swift */,
				ECB04619244118500088F96B /* MostExpensiveHQButton.swift */,
			);
			name = DetailedCharacterView;
			sourceTree = "<group>";
		};
		ECB0461B24411C340088F96B /* MostExpensiveHQView */ = {
			isa = PBXGroup;
			children = (
				ECB0461C24411C4A0088F96B /* MostExpensiveHQView.swift */,
				ECB0461E24411C8E0088F96B /* MostExpensiveHQViewModel.swift */,
			);
			name = MostExpensiveHQView;
			sourceTree = "<group>";
		};
		ECB04622244131060088F96B /* Extensions */ = {
			isa = PBXGroup;
			children = (
				ECB04620244130FF0088F96B /* Optional+Declarative.swift */,
			);
			name = Extensions;
			sourceTree = "<group>";
		};
/* End PBXGroup section */

/* Begin PBXNativeTarget section */
		EC89D1B52440897B004B3FA2 /* MarvelHeroes */ = {
			isa = PBXNativeTarget;
			buildConfigurationList = EC89D1CA2440897E004B3FA2 /* Build configuration list for PBXNativeTarget "MarvelHeroes" */;
			buildPhases = (
				EC89D1B22440897B004B3FA2 /* Sources */,
				EC89D1B32440897B004B3FA2 /* Frameworks */,
				EC89D1B42440897B004B3FA2 /* Resources */,
				EC4EDE262440C6B400BCF29F /* Embed Frameworks */,
			);
			buildRules = (
			);
			dependencies = (
			);
			name = MarvelHeroes;
			productName = MarvelHeroes;
			productReference = EC89D1B62440897B004B3FA2 /* MarvelHeroes.app */;
			productType = "com.apple.product-type.application";
		};
/* End PBXNativeTarget section */

/* Begin PBXProject section */
		EC89D1AE2440897B004B3FA2 /* Project object */ = {
			isa = PBXProject;
			attributes = {
				LastSwiftUpdateCheck = 1140;
				LastUpgradeCheck = 1140;
				ORGANIZATIONNAME = "Gustavo Almeida Amaral";
				TargetAttributes = {
					EC89D1B52440897B004B3FA2 = {
						CreatedOnToolsVersion = 11.4;
					};
				};
			};
			buildConfigurationList = EC89D1B12440897B004B3FA2 /* Build configuration list for PBXProject "MarvelHeroes" */;
			compatibilityVersion = "Xcode 9.3";
			developmentRegion = en;
			hasScannedForEncodings = 0;
			knownRegions = (
				en,
				Base,
			);
			mainGroup = EC89D1AD2440897B004B3FA2;
			productRefGroup = EC89D1B72440897B004B3FA2 /* Products */;
			projectDirPath = "";
			projectRoot = "";
			targets = (
				EC89D1B52440897B004B3FA2 /* MarvelHeroes */,
			);
		};
/* End PBXProject section */

/* Begin PBXResourcesBuildPhase section */
		EC89D1B42440897B004B3FA2 /* Resources */ = {
			isa = PBXResourcesBuildPhase;
			buildActionMask = 2147483647;
			files = (
				EC89D1C62440897E004B3FA2 /* LaunchScreen.storyboard in Resources */,
				EC89D1C32440897E004B3FA2 /* Preview Assets.xcassets in Resources */,
				EC89D1C02440897E004B3FA2 /* Assets.xcassets in Resources */,
			);
			runOnlyForDeploymentPostprocessing = 0;
		};
/* End PBXResourcesBuildPhase section */

/* Begin PBXSourcesBuildPhase section */
		EC89D1B22440897B004B3FA2 /* Sources */ = {
			isa = PBXSourcesBuildPhase;
			buildActionMask = 2147483647;
			files = (
				EC4EDE302440E90F00BCF29F /* CharactersViewModel.swift in Sources */,
				EC4EDE3A2440FA9A00BCF29F /* RetryMessage.swift in Sources */,
				ECB04621244130FF0088F96B /* Optional+Declarative.swift in Sources */,
				EC4EDE352440E9E200BCF29F /* AsyncOperation.swift in Sources */,
				EC89D1BA2440897B004B3FA2 /* AppDelegate.swift in Sources */,
				EC68A41B2440959E008663EC /* URLImage.swift in Sources */,
				ECB0461A244118500088F96B /* MostExpensiveHQButton.swift in Sources */,
				EC4EDE332440E9A200BCF29F /* AsyncResult.swift in Sources */,
				EC89D1BC2440897B004B3FA2 /* SceneDelegate.swift in Sources */,
				EC89D1D424408AAF004B3FA2 /* Comic.swift in Sources */,
				EC4EDE2E2440E76C00BCF29F /* ActivityIndicator.swift in Sources */,
				EC89D1BE2440897B004B3FA2 /* CharactersView.swift in Sources */,
				ECB0461824410E570088F96B /* ContainerOrientation.swift in Sources */,
				EC4EDE2C2440D2A400BCF29F /* Thumbnail.swift in Sources */,
				ECB0461D24411C4B0088F96B /* MostExpensiveHQView.swift in Sources */,
				EC4EDE382440FA4700BCF29F /* CharacterRow.swift in Sources */,
				ECB0461624410C3F0088F96B /* DetailedCharacterView.swift in Sources */,
				ECB0461F24411C8E0088F96B /* MostExpensiveHQViewModel.swift in Sources */,
				EC89D1D324408AAF004B3FA2 /* Character.swift in Sources */,
			);
			runOnlyForDeploymentPostprocessing = 0;
		};
/* End PBXSourcesBuildPhase section */

/* Begin PBXVariantGroup section */
		EC89D1C42440897E004B3FA2 /* LaunchScreen.storyboard */ = {
			isa = PBXVariantGroup;
			children = (
				EC89D1C52440897E004B3FA2 /* Base */,
			);
			name = LaunchScreen.storyboard;
			sourceTree = "<group>";
		};
/* End PBXVariantGroup section */

/* Begin XCBuildConfiguration section */
		EC89D1C82440897E004B3FA2 /* Debug */ = {
			isa = XCBuildConfiguration;
			buildSettings = {
				ALWAYS_SEARCH_USER_PATHS = NO;
				CLANG_ANALYZER_NONNULL = YES;
				CLANG_ANALYZER_NUMBER_OBJECT_CONVERSION = YES_AGGRESSIVE;
				CLANG_CXX_LANGUAGE_STANDARD = "gnu++14";
				CLANG_CXX_LIBRARY = "libc++";
				CLANG_ENABLE_MODULES = YES;
				CLANG_ENABLE_OBJC_ARC = YES;
				CLANG_ENABLE_OBJC_WEAK = YES;
				CLANG_WARN_BLOCK_CAPTURE_AUTORELEASING = YES;
				CLANG_WARN_BOOL_CONVERSION = YES;
				CLANG_WARN_COMMA = YES;
				CLANG_WARN_CONSTANT_CONVERSION = YES;
				CLANG_WARN_DEPRECATED_OBJC_IMPLEMENTATIONS = YES;
				CLANG_WARN_DIRECT_OBJC_ISA_USAGE = YES_ERROR;
				CLANG_WARN_DOCUMENTATION_COMMENTS = YES;
				CLANG_WARN_EMPTY_BODY = YES;
				CLANG_WARN_ENUM_CONVERSION = YES;
				CLANG_WARN_INFINITE_RECURSION = YES;
				CLANG_WARN_INT_CONVERSION = YES;
				CLANG_WARN_NON_LITERAL_NULL_CONVERSION = YES;
				CLANG_WARN_OBJC_IMPLICIT_RETAIN_SELF = YES;
				CLANG_WARN_OBJC_LITERAL_CONVERSION = YES;
				CLANG_WARN_OBJC_ROOT_CLASS = YES_ERROR;
				CLANG_WARN_RANGE_LOOP_ANALYSIS = YES;
				CLANG_WARN_STRICT_PROTOTYPES = YES;
				CLANG_WARN_SUSPICIOUS_MOVE = YES;
				CLANG_WARN_UNGUARDED_AVAILABILITY = YES_AGGRESSIVE;
				CLANG_WARN_UNREACHABLE_CODE = YES;
				CLANG_WARN__DUPLICATE_METHOD_MATCH = YES;
				COPY_PHASE_STRIP = NO;
				DEBUG_INFORMATION_FORMAT = dwarf;
				ENABLE_STRICT_OBJC_MSGSEND = YES;
				ENABLE_TESTABILITY = YES;
				GCC_C_LANGUAGE_STANDARD = gnu11;
				GCC_DYNAMIC_NO_PIC = NO;
				GCC_NO_COMMON_BLOCKS = YES;
				GCC_OPTIMIZATION_LEVEL = 0;
				GCC_PREPROCESSOR_DEFINITIONS = (
					"DEBUG=1",
					"$(inherited)",
				);
				GCC_WARN_64_TO_32_BIT_CONVERSION = YES;
				GCC_WARN_ABOUT_RETURN_TYPE = YES_ERROR;
				GCC_WARN_UNDECLARED_SELECTOR = YES;
				GCC_WARN_UNINITIALIZED_AUTOS = YES_AGGRESSIVE;
				GCC_WARN_UNUSED_FUNCTION = YES;
				GCC_WARN_UNUSED_VARIABLE = YES;
				IPHONEOS_DEPLOYMENT_TARGET = 13.0;
				MTL_ENABLE_DEBUG_INFO = INCLUDE_SOURCE;
				MTL_FAST_MATH = YES;
				ONLY_ACTIVE_ARCH = YES;
				SDKROOT = iphoneos;
				SWIFT_ACTIVE_COMPILATION_CONDITIONS = DEBUG;
				SWIFT_OPTIMIZATION_LEVEL = "-Onone";
			};
			name = Debug;
		};
		EC89D1C92440897E004B3FA2 /* Release */ = {
			isa = XCBuildConfiguration;
			buildSettings = {
				ALWAYS_SEARCH_USER_PATHS = NO;
				CLANG_ANALYZER_NONNULL = YES;
				CLANG_ANALYZER_NUMBER_OBJECT_CONVERSION = YES_AGGRESSIVE;
				CLANG_CXX_LANGUAGE_STANDARD = "gnu++14";
				CLANG_CXX_LIBRARY = "libc++";
				CLANG_ENABLE_MODULES = YES;
				CLANG_ENABLE_OBJC_ARC = YES;
				CLANG_ENABLE_OBJC_WEAK = YES;
				CLANG_WARN_BLOCK_CAPTURE_AUTORELEASING = YES;
				CLANG_WARN_BOOL_CONVERSION = YES;
				CLANG_WARN_COMMA = YES;
				CLANG_WARN_CONSTANT_CONVERSION = YES;
				CLANG_WARN_DEPRECATED_OBJC_IMPLEMENTATIONS = YES;
				CLANG_WARN_DIRECT_OBJC_ISA_USAGE = YES_ERROR;
				CLANG_WARN_DOCUMENTATION_COMMENTS = YES;
				CLANG_WARN_EMPTY_BODY = YES;
				CLANG_WARN_ENUM_CONVERSION = YES;
				CLANG_WARN_INFINITE_RECURSION = YES;
				CLANG_WARN_INT_CONVERSION = YES;
				CLANG_WARN_NON_LITERAL_NULL_CONVERSION = YES;
				CLANG_WARN_OBJC_IMPLICIT_RETAIN_SELF = YES;
				CLANG_WARN_OBJC_LITERAL_CONVERSION = YES;
				CLANG_WARN_OBJC_ROOT_CLASS = YES_ERROR;
				CLANG_WARN_RANGE_LOOP_ANALYSIS = YES;
				CLANG_WARN_STRICT_PROTOTYPES = YES;
				CLANG_WARN_SUSPICIOUS_MOVE = YES;
				CLANG_WARN_UNGUARDED_AVAILABILITY = YES_AGGRESSIVE;
				CLANG_WARN_UNREACHABLE_CODE = YES;
				CLANG_WARN__DUPLICATE_METHOD_MATCH = YES;
				COPY_PHASE_STRIP = NO;
				DEBUG_INFORMATION_FORMAT = "dwarf-with-dsym";
				ENABLE_NS_ASSERTIONS = NO;
				ENABLE_STRICT_OBJC_MSGSEND = YES;
				GCC_C_LANGUAGE_STANDARD = gnu11;
				GCC_NO_COMMON_BLOCKS = YES;
				GCC_WARN_64_TO_32_BIT_CONVERSION = YES;
				GCC_WARN_ABOUT_RETURN_TYPE = YES_ERROR;
				GCC_WARN_UNDECLARED_SELECTOR = YES;
				GCC_WARN_UNINITIALIZED_AUTOS = YES_AGGRESSIVE;
				GCC_WARN_UNUSED_FUNCTION = YES;
				GCC_WARN_UNUSED_VARIABLE = YES;
				IPHONEOS_DEPLOYMENT_TARGET = 13.0;
				MTL_ENABLE_DEBUG_INFO = NO;
				MTL_FAST_MATH = YES;
				SDKROOT = iphoneos;
				SWIFT_COMPILATION_MODE = wholemodule;
				SWIFT_OPTIMIZATION_LEVEL = "-O";
				VALIDATE_PRODUCT = YES;
			};
			name = Release;
		};
		EC89D1CB2440897E004B3FA2 /* Debug */ = {
			isa = XCBuildConfiguration;
			buildSettings = {
				ASSETCATALOG_COMPILER_APPICON_NAME = AppIcon;
				CODE_SIGN_ENTITLEMENTS = MarvelHeroes/MarvelHeroes.entitlements;
				CODE_SIGN_STYLE = Automatic;
				DEVELOPMENT_ASSET_PATHS = "\"MarvelHeroes/Preview Content\"";
				DEVELOPMENT_TEAM = 4EQ948BHF9;
				ENABLE_PREVIEWS = YES;
				INFOPLIST_FILE = MarvelHeroes/Info.plist;
				LD_RUNPATH_SEARCH_PATHS = (
					"$(inherited)",
					"@executable_path/Frameworks",
				);
				PRODUCT_BUNDLE_IDENTIFIER = com.almeidaws.MarvelHeroes;
				PRODUCT_NAME = "$(TARGET_NAME)";
				SUPPORTS_MACCATALYST = YES;
				SWIFT_VERSION = 5.0;
				TARGETED_DEVICE_FAMILY = "1,2";
			};
			name = Debug;
		};
		EC89D1CC2440897E004B3FA2 /* Release */ = {
			isa = XCBuildConfiguration;
			buildSettings = {
				ASSETCATALOG_COMPILER_APPICON_NAME = AppIcon;
				CODE_SIGN_ENTITLEMENTS = MarvelHeroes/MarvelHeroes.entitlements;
				CODE_SIGN_STYLE = Automatic;
				DEVELOPMENT_ASSET_PATHS = "\"MarvelHeroes/Preview Content\"";
				DEVELOPMENT_TEAM = 4EQ948BHF9;
				ENABLE_PREVIEWS = YES;
				INFOPLIST_FILE = MarvelHeroes/Info.plist;
				LD_RUNPATH_SEARCH_PATHS = (
					"$(inherited)",
					"@executable_path/Frameworks",
				);
				PRODUCT_BUNDLE_IDENTIFIER = com.almeidaws.MarvelHeroes;
				PRODUCT_NAME = "$(TARGET_NAME)";
				SUPPORTS_MACCATALYST = YES;
				SWIFT_VERSION = 5.0;
				TARGETED_DEVICE_FAMILY = "1,2";
			};
			name = Release;
		};
/* End XCBuildConfiguration section */

/* Begin XCConfigurationList section */
		EC89D1B12440897B004B3FA2 /* Build configuration list for PBXProject "MarvelHeroes" */ = {
			isa = XCConfigurationList;
			buildConfigurations = (
				EC89D1C82440897E004B3FA2 /* Debug */,
				EC89D1C92440897E004B3FA2 /* Release */,
			);
			defaultConfigurationIsVisible = 0;
			defaultConfigurationName = Release;
		};
		EC89D1CA2440897E004B3FA2 /* Build configuration list for PBXNativeTarget "MarvelHeroes" */ = {
			isa = XCConfigurationList;
			buildConfigurations = (
				EC89D1CB2440897E004B3FA2 /* Debug */,
				EC89D1CC2440897E004B3FA2 /* Release */,
			);
			defaultConfigurationIsVisible = 0;
			defaultConfigurationName = Release;
		};
/* End XCConfigurationList section */
	};
	rootObject = EC89D1AE2440897B004B3FA2 /* Project object */;
}
